// !$*UTF8*$!
{
	archiveVersion = 1;
	classes = {
	};
	objectVersion = 55;
	objects = {

/* Begin PBXBuildFile section */
		84781DFA27C451D100F5CBA0 /* AppDelegate.swift in Sources */ = {isa = PBXBuildFile; fileRef = 84781DF927C451D100F5CBA0 /* AppDelegate.swift */; };
		84781DFC27C451D100F5CBA0 /* SceneDelegate.swift in Sources */ = {isa = PBXBuildFile; fileRef = 84781DFB27C451D100F5CBA0 /* SceneDelegate.swift */; };
		84781DFE27C451D100F5CBA0 /* ViewController.swift in Sources */ = {isa = PBXBuildFile; fileRef = 84781DFD27C451D100F5CBA0 /* ViewController.swift */; };
		84781E0127C451D100F5CBA0 /* Main.storyboard in Resources */ = {isa = PBXBuildFile; fileRef = 84781DFF27C451D100F5CBA0 /* Main.storyboard */; };
		84781E0327C451D900F5CBA0 /* Assets.xcassets in Resources */ = {isa = PBXBuildFile; fileRef = 84781E0227C451D900F5CBA0 /* Assets.xcassets */; };
		84781E0627C451D900F5CBA0 /* LaunchScreen.storyboard in Resources */ = {isa = PBXBuildFile; fileRef = 84781E0427C451D900F5CBA0 /* LaunchScreen.storyboard */; };
		84781E1127C451DB00F5CBA0 /* RepoMVVMTests.swift in Sources */ = {isa = PBXBuildFile; fileRef = 84781E1027C451DB00F5CBA0 /* RepoMVVMTests.swift */; };
		84781E1B27C451DB00F5CBA0 /* RepoMVVMUITests.swift in Sources */ = {isa = PBXBuildFile; fileRef = 84781E1A27C451DB00F5CBA0 /* RepoMVVMUITests.swift */; };
		84781E1D27C451DB00F5CBA0 /* RepoMVVMUITestsLaunchTests.swift in Sources */ = {isa = PBXBuildFile; fileRef = 84781E1C27C451DB00F5CBA0 /* RepoMVVMUITestsLaunchTests.swift */; };
/* End PBXBuildFile section */

/* Begin PBXContainerItemProxy section */
		84781E0D27C451DB00F5CBA0 /* PBXContainerItemProxy */ = {
			isa = PBXContainerItemProxy;
			containerPortal = 84781DEE27C451D100F5CBA0 /* Project object */;
			proxyType = 1;
			remoteGlobalIDString = 84781DF527C451D100F5CBA0;
			remoteInfo = RepoMVVM;
		};
		84781E1727C451DB00F5CBA0 /* PBXContainerItemProxy */ = {
			isa = PBXContainerItemProxy;
			containerPortal = 84781DEE27C451D100F5CBA0 /* Project object */;
			proxyType = 1;
			remoteGlobalIDString = 84781DF527C451D100F5CBA0;
			remoteInfo = RepoMVVM;
		};
/* End PBXContainerItemProxy section */

/* Begin PBXFileReference section */
		84781DF627C451D100F5CBA0 /* RepoMVVM.app */ = {isa = PBXFileReference; explicitFileType = wrapper.application; includeInIndex = 0; path = RepoMVVM.app; sourceTree = BUILT_PRODUCTS_DIR; };
		84781DF927C451D100F5CBA0 /* AppDelegate.swift */ = {isa = PBXFileReference; lastKnownFileType = sourcecode.swift; path = AppDelegate.swift; sourceTree = "<group>"; };
		84781DFB27C451D100F5CBA0 /* SceneDelegate.swift */ = {isa = PBXFileReference; lastKnownFileType = sourcecode.swift; path = SceneDelegate.swift; sourceTree = "<group>"; };
		84781DFD27C451D100F5CBA0 /* ViewController.swift */ = {isa = PBXFileReference; lastKnownFileType = sourcecode.swift; path = ViewController.swift; sourceTree = "<group>"; };
		84781E0027C451D100F5CBA0 /* Base */ = {isa = PBXFileReference; lastKnownFileType = file.storyboard; name = Base; path = Base.lproj/Main.storyboard; sourceTree = "<group>"; };
		84781E0227C451D900F5CBA0 /* Assets.xcassets */ = {isa = PBXFileReference; lastKnownFileType = folder.assetcatalog; path = Assets.xcassets; sourceTree = "<group>"; };
		84781E0527C451D900F5CBA0 /* Base */ = {isa = PBXFileReference; lastKnownFileType = file.storyboard; name = Base; path = Base.lproj/LaunchScreen.storyboard; sourceTree = "<group>"; };
		84781E0727C451D900F5CBA0 /* Info.plist */ = {isa = PBXFileReference; lastKnownFileType = text.plist.xml; path = Info.plist; sourceTree = "<group>"; };
		84781E0C27C451DB00F5CBA0 /* RepoMVVMTests.xctest */ = {isa = PBXFileReference; explicitFileType = wrapper.cfbundle; includeInIndex = 0; path = RepoMVVMTests.xctest; sourceTree = BUILT_PRODUCTS_DIR; };
		84781E1027C451DB00F5CBA0 /* RepoMVVMTests.swift */ = {isa = PBXFileReference; lastKnownFileType = sourcecode.swift; path = RepoMVVMTests.swift; sourceTree = "<group>"; };
		84781E1627C451DB00F5CBA0 /* RepoMVVMUITests.xctest */ = {isa = PBXFileReference; explicitFileType = wrapper.cfbundle; includeInIndex = 0; path = RepoMVVMUITests.xctest; sourceTree = BUILT_PRODUCTS_DIR; };
		84781E1A27C451DB00F5CBA0 /* RepoMVVMUITests.swift */ = {isa = PBXFileReference; lastKnownFileType = sourcecode.swift; path = RepoMVVMUITests.swift; sourceTree = "<group>"; };
		84781E1C27C451DB00F5CBA0 /* RepoMVVMUITestsLaunchTests.swift */ = {isa = PBXFileReference; lastKnownFileType = sourcecode.swift; path = RepoMVVMUITestsLaunchTests.swift; sourceTree = "<group>"; };
/* End PBXFileReference section */

/* Begin PBXFrameworksBuildPhase section */
		84781DF327C451D100F5CBA0 /* Frameworks */ = {
			isa = PBXFrameworksBuildPhase;
			buildActionMask = 2147483647;
			files = (
			);
			runOnlyForDeploymentPostprocessing = 0;
		};
		84781E0927C451DB00F5CBA0 /* Frameworks */ = {
			isa = PBXFrameworksBuildPhase;
			buildActionMask = 2147483647;
			files = (
			);
			runOnlyForDeploymentPostprocessing = 0;
		};
		84781E1327C451DB00F5CBA0 /* Frameworks */ = {
			isa = PBXFrameworksBuildPhase;
			buildActionMask = 2147483647;
			files = (
			);
			runOnlyForDeploymentPostprocessing = 0;
		};
/* End PBXFrameworksBuildPhase section */

/* Begin PBXGroup section */
		84781DED27C451D100F5CBA0 = {
			isa = PBXGroup;
			children = (
				84781DF827C451D100F5CBA0 /* RepoMVVM */,
				84781E0F27C451DB00F5CBA0 /* RepoMVVMTests */,
				84781E1927C451DB00F5CBA0 /* RepoMVVMUITests */,
				84781DF727C451D100F5CBA0 /* Products */,
			);
			sourceTree = "<group>";
		};
		84781DF727C451D100F5CBA0 /* Products */ = {
			isa = PBXGroup;
			children = (
				84781DF627C451D100F5CBA0 /* RepoMVVM.app */,
				84781E0C27C451DB00F5CBA0 /* RepoMVVMTests.xctest */,
				84781E1627C451DB00F5CBA0 /* RepoMVVMUITests.xctest */,
			);
			name = Products;
			sourceTree = "<group>";
		};
		84781DF827C451D100F5CBA0 /* RepoMVVM */ = {
			isa = PBXGroup;
			children = (
				84781DF927C451D100F5CBA0 /* AppDelegate.swift */,
				84781DFB27C451D100F5CBA0 /* SceneDelegate.swift */,
				84781DFD27C451D100F5CBA0 /* ViewController.swift */,
				84781DFF27C451D100F5CBA0 /* Main.storyboard */,
				84781E0227C451D900F5CBA0 /* Assets.xcassets */,
				84781E0427C451D900F5CBA0 /* LaunchScreen.storyboard */,
				84781E0727C451D900F5CBA0 /* Info.plist */,
			);
			path = RepoMVVM;
			sourceTree = "<group>";
		};
		84781E0F27C451DB00F5CBA0 /* RepoMVVMTests */ = {
			isa = PBXGroup;
			children = (
				84781E1027C451DB00F5CBA0 /* RepoMVVMTests.swift */,
			);
			path = RepoMVVMTests;
			sourceTree = "<group>";
		};
		84781E1927C451DB00F5CBA0 /* RepoMVVMUITests */ = {
			isa = PBXGroup;
			children = (
				84781E1A27C451DB00F5CBA0 /* RepoMVVMUITests.swift */,
				84781E1C27C451DB00F5CBA0 /* RepoMVVMUITestsLaunchTests.swift */,
			);
			path = RepoMVVMUITests;
			sourceTree = "<group>";
		};
/* End PBXGroup section */

/* Begin PBXNativeTarget section */
		84781DF527C451D100F5CBA0 /* RepoMVVM */ = {
			isa = PBXNativeTarget;
			buildConfigurationList = 84781E2027C451DB00F5CBA0 /* Build configuration list for PBXNativeTarget "RepoMVVM" */;
			buildPhases = (
				84781DF227C451D100F5CBA0 /* Sources */,
				84781DF327C451D100F5CBA0 /* Frameworks */,
				84781DF427C451D100F5CBA0 /* Resources */,
			);
			buildRules = (
			);
			dependencies = (
			);
			name = RepoMVVM;
			productName = RepoMVVM;
			productReference = 84781DF627C451D100F5CBA0 /* RepoMVVM.app */;
			productType = "com.apple.product-type.application";
		};
		84781E0B27C451DB00F5CBA0 /* RepoMVVMTests */ = {
			isa = PBXNativeTarget;
			buildConfigurationList = 84781E2327C451DB00F5CBA0 /* Build configuration list for PBXNativeTarget "RepoMVVMTests" */;
			buildPhases = (
				84781E0827C451DB00F5CBA0 /* Sources */,
				84781E0927C451DB00F5CBA0 /* Frameworks */,
				84781E0A27C451DB00F5CBA0 /* Resources */,
			);
			buildRules = (
			);
			dependencies = (
				84781E0E27C451DB00F5CBA0 /* PBXTargetDependency */,
			);
			name = RepoMVVMTests;
			productName = RepoMVVMTests;
			productReference = 84781E0C27C451DB00F5CBA0 /* RepoMVVMTests.xctest */;
			productType = "com.apple.product-type.bundle.unit-test";
		};
		84781E1527C451DB00F5CBA0 /* RepoMVVMUITests */ = {
			isa = PBXNativeTarget;
			buildConfigurationList = 84781E2627C451DB00F5CBA0 /* Build configuration list for PBXNativeTarget "RepoMVVMUITests" */;
			buildPhases = (
				84781E1227C451DB00F5CBA0 /* Sources */,
				84781E1327C451DB00F5CBA0 /* Frameworks */,
				84781E1427C451DB00F5CBA0 /* Resources */,
			);
			buildRules = (
			);
			dependencies = (
				84781E1827C451DB00F5CBA0 /* PBXTargetDependency */,
			);
			name = RepoMVVMUITests;
			productName = RepoMVVMUITests;
			productReference = 84781E1627C451DB00F5CBA0 /* RepoMVVMUITests.xctest */;
			productType = "com.apple.product-type.bundle.ui-testing";
		};
/* End PBXNativeTarget section */

/* Begin PBXProject section */
		84781DEE27C451D100F5CBA0 /* Project object */ = {
			isa = PBXProject;
			attributes = {
				BuildIndependentTargetsInParallel = 1;
				LastSwiftUpdateCheck = 1320;
				LastUpgradeCheck = 1320;
				TargetAttributes = {
					84781DF527C451D100F5CBA0 = {
						CreatedOnToolsVersion = 13.2.1;
					};
					84781E0B27C451DB00F5CBA0 = {
						CreatedOnToolsVersion = 13.2.1;
						TestTargetID = 84781DF527C451D100F5CBA0;
					};
					84781E1527C451DB00F5CBA0 = {
						CreatedOnToolsVersion = 13.2.1;
						TestTargetID = 84781DF527C451D100F5CBA0;
					};
				};
			};
			buildConfigurationList = 84781DF127C451D100F5CBA0 /* Build configuration list for PBXProject "RepoMVVM" */;
			compatibilityVersion = "Xcode 13.0";
			developmentRegion = en;
			hasScannedForEncodings = 0;
			knownRegions = (
				en,
				Base,
			);
			mainGroup = 84781DED27C451D100F5CBA0;
			productRefGroup = 84781DF727C451D100F5CBA0 /* Products */;
			projectDirPath = "";
			projectRoot = "";
			targets = (
				84781DF527C451D100F5CBA0 /* RepoMVVM */,
				84781E0B27C451DB00F5CBA0 /* RepoMVVMTests */,
				84781E1527C451DB00F5CBA0 /* RepoMVVMUITests */,
			);
		};
/* End PBXProject section */

/* Begin PBXResourcesBuildPhase section */
		84781DF427C451D100F5CBA0 /* Resources */ = {
			isa = PBXResourcesBuildPhase;
			buildActionMask = 2147483647;
			files = (
				84781E0627C451D900F5CBA0 /* LaunchScreen.storyboard in Resources */,
				84781E0327C451D900F5CBA0 /* Assets.xcassets in Resources */,
				84781E0127C451D100F5CBA0 /* Main.storyboard in Resources */,
			);
			runOnlyForDeploymentPostprocessing = 0;
		};
		84781E0A27C451DB00F5CBA0 /* Resources */ = {
			isa = PBXResourcesBuildPhase;
			buildActionMask = 2147483647;
			files = (
			);
			runOnlyForDeploymentPostprocessing = 0;
		};
		84781E1427C451DB00F5CBA0 /* Resources */ = {
			isa = PBXResourcesBuildPhase;
			buildActionMask = 2147483647;
			files = (
			);
			runOnlyForDeploymentPostprocessing = 0;
		};
/* End PBXResourcesBuildPhase section */

/* Begin PBXSourcesBuildPhase section */
		84781DF227C451D100F5CBA0 /* Sources */ = {
			isa = PBXSourcesBuildPhase;
			buildActionMask = 2147483647;
			files = (
				84781DFE27C451D100F5CBA0 /* ViewController.swift in Sources */,
				84781DFA27C451D100F5CBA0 /* AppDelegate.swift in Sources */,
				84781DFC27C451D100F5CBA0 /* SceneDelegate.swift in Sources */,
			);
			runOnlyForDeploymentPostprocessing = 0;
		};
		84781E0827C451DB00F5CBA0 /* Sources */ = {
			isa = PBXSourcesBuildPhase;
			buildActionMask = 2147483647;
			files = (
				84781E1127C451DB00F5CBA0 /* RepoMVVMTests.swift in Sources */,
			);
			runOnlyForDeploymentPostprocessing = 0;
		};
		84781E1227C451DB00F5CBA0 /* Sources */ = {
			isa = PBXSourcesBuildPhase;
			buildActionMask = 2147483647;
			files = (
				84781E1D27C451DB00F5CBA0 /* RepoMVVMUITestsLaunchTests.swift in Sources */,
				84781E1B27C451DB00F5CBA0 /* RepoMVVMUITests.swift in Sources */,
			);
			runOnlyForDeploymentPostprocessing = 0;
		};
/* End PBXSourcesBuildPhase section */

/* Begin PBXTargetDependency section */
		84781E0E27C451DB00F5CBA0 /* PBXTargetDependency */ = {
			isa = PBXTargetDependency;
			target = 84781DF527C451D100F5CBA0 /* RepoMVVM */;
			targetProxy = 84781E0D27C451DB00F5CBA0 /* PBXContainerItemProxy */;
		};
		84781E1827C451DB00F5CBA0 /* PBXTargetDependency */ = {
			isa = PBXTargetDependency;
			target = 84781DF527C451D100F5CBA0 /* RepoMVVM */;
			targetProxy = 84781E1727C451DB00F5CBA0 /* PBXContainerItemProxy */;
		};
/* End PBXTargetDependency section */

/* Begin PBXVariantGroup section */
		84781DFF27C451D100F5CBA0 /* Main.storyboard */ = {
			isa = PBXVariantGroup;
			children = (
				84781E0027C451D100F5CBA0 /* Base */,
			);
			name = Main.storyboard;
			sourceTree = "<group>";
		};
		84781E0427C451D900F5CBA0 /* LaunchScreen.storyboard */ = {
			isa = PBXVariantGroup;
			children = (
				84781E0527C451D900F5CBA0 /* Base */,
			);
			name = LaunchScreen.storyboard;
			sourceTree = "<group>";
		};
/* End PBXVariantGroup section */

/* Begin XCBuildConfiguration section */
		84781E1E27C451DB00F5CBA0 /* Debug */ = {
			isa = XCBuildConfiguration;
			buildSettings = {
				ALWAYS_SEARCH_USER_PATHS = NO;
				CLANG_ANALYZER_NONNULL = YES;
				CLANG_ANALYZER_NUMBER_OBJECT_CONVERSION = YES_AGGRESSIVE;
				CLANG_CXX_LANGUAGE_STANDARD = "gnu++17";
				CLANG_CXX_LIBRARY = "libc++";
				CLANG_ENABLE_MODULES = YES;
				CLANG_ENABLE_OBJC_ARC = YES;
				CLANG_ENABLE_OBJC_WEAK = YES;
				CLANG_WARN_BLOCK_CAPTURE_AUTORELEASING = YES;
				CLANG_WARN_BOOL_CONVERSION = YES;
				CLANG_WARN_COMMA = YES;
				CLANG_WARN_CONSTANT_CONVERSION = YES;
				CLANG_WARN_DEPRECATED_OBJC_IMPLEMENTATIONS = YES;
				CLANG_WARN_DIRECT_OBJC_ISA_USAGE = YES_ERROR;
				CLANG_WARN_DOCUMENTATION_COMMENTS = YES;
				CLANG_WARN_EMPTY_BODY = YES;
				CLANG_WARN_ENUM_CONVERSION = YES;
				CLANG_WARN_INFINITE_RECURSION = YES;
				CLANG_WARN_INT_CONVERSION = YES;
				CLANG_WARN_NON_LITERAL_NULL_CONVERSION = YES;
				CLANG_WARN_OBJC_IMPLICIT_RETAIN_SELF = YES;
				CLANG_WARN_OBJC_LITERAL_CONVERSION = YES;
				CLANG_WARN_OBJC_ROOT_CLASS = YES_ERROR;
				CLANG_WARN_QUOTED_INCLUDE_IN_FRAMEWORK_HEADER = YES;
				CLANG_WARN_RANGE_LOOP_ANALYSIS = YES;
				CLANG_WARN_STRICT_PROTOTYPES = YES;
				CLANG_WARN_SUSPICIOUS_MOVE = YES;
				CLANG_WARN_UNGUARDED_AVAILABILITY = YES_AGGRESSIVE;
				CLANG_WARN_UNREACHABLE_CODE = YES;
				CLANG_WARN__DUPLICATE_METHOD_MATCH = YES;
				COPY_PHASE_STRIP = NO;
				DEBUG_INFORMATION_FORMAT = dwarf;
				ENABLE_STRICT_OBJC_MSGSEND = YES;
				ENABLE_TESTABILITY = YES;
				GCC_C_LANGUAGE_STANDARD = gnu11;
				GCC_DYNAMIC_NO_PIC = NO;
				GCC_NO_COMMON_BLOCKS = YES;
				GCC_OPTIMIZATION_LEVEL = 0;
				GCC_PREPROCESSOR_DEFINITIONS = (
					"DEBUG=1",
					"$(inherited)",
				);
				GCC_WARN_64_TO_32_BIT_CONVERSION = YES;
				GCC_WARN_ABOUT_RETURN_TYPE = YES_ERROR;
				GCC_WARN_UNDECLARED_SELECTOR = YES;
				GCC_WARN_UNINITIALIZED_AUTOS = YES_AGGRESSIVE;
				GCC_WARN_UNUSED_FUNCTION = YES;
				GCC_WARN_UNUSED_VARIABLE = YES;
				IPHONEOS_DEPLOYMENT_TARGET = 15.2;
				MTL_ENABLE_DEBUG_INFO = INCLUDE_SOURCE;
				MTL_FAST_MATH = YES;
				ONLY_ACTIVE_ARCH = YES;
				SDKROOT = iphoneos;
				SWIFT_ACTIVE_COMPILATION_CONDITIONS = DEBUG;
				SWIFT_OPTIMIZATION_LEVEL = "-Onone";
			};
			name = Debug;
		};
		84781E1F27C451DB00F5CBA0 /* Release */ = {
			isa = XCBuildConfiguration;
			buildSettings = {
				ALWAYS_SEARCH_USER_PATHS = NO;
				CLANG_ANALYZER_NONNULL = YES;
				CLANG_ANALYZER_NUMBER_OBJECT_CONVERSION = YES_AGGRESSIVE;
				CLANG_CXX_LANGUAGE_STANDARD = "gnu++17";
				CLANG_CXX_LIBRARY = "libc++";
				CLANG_ENABLE_MODULES = YES;
				CLANG_ENABLE_OBJC_ARC = YES;
				CLANG_ENABLE_OBJC_WEAK = YES;
				CLANG_WARN_BLOCK_CAPTURE_AUTORELEASING = YES;
				CLANG_WARN_BOOL_CONVERSION = YES;
				CLANG_WARN_COMMA = YES;
				CLANG_WARN_CONSTANT_CONVERSION = YES;
				CLANG_WARN_DEPRECATED_OBJC_IMPLEMENTATIONS = YES;
				CLANG_WARN_DIRECT_OBJC_ISA_USAGE = YES_ERROR;
				CLANG_WARN_DOCUMENTATION_COMMENTS = YES;
				CLANG_WARN_EMPTY_BODY = YES;
				CLANG_WARN_ENUM_CONVERSION = YES;
				CLANG_WARN_INFINITE_RECURSION = YES;
				CLANG_WARN_INT_CONVERSION = YES;
				CLANG_WARN_NON_LITERAL_NULL_CONVERSION = YES;
				CLANG_WARN_OBJC_IMPLICIT_RETAIN_SELF = YES;
				CLANG_WARN_OBJC_LITERAL_CONVERSION = YES;
				CLANG_WARN_OBJC_ROOT_CLASS = YES_ERROR;
				CLANG_WARN_QUOTED_INCLUDE_IN_FRAMEWORK_HEADER = YES;
				CLANG_WARN_RANGE_LOOP_ANALYSIS = YES;
				CLANG_WARN_STRICT_PROTOTYPES = YES;
				CLANG_WARN_SUSPICIOUS_MOVE = YES;
				CLANG_WARN_UNGUARDED_AVAILABILITY = YES_AGGRESSIVE;
				CLANG_WARN_UNREACHABLE_CODE = YES;
				CLANG_WARN__DUPLICATE_METHOD_MATCH = YES;
				COPY_PHASE_STRIP = NO;
				DEBUG_INFORMATION_FORMAT = "dwarf-with-dsym";
				ENABLE_NS_ASSERTIONS = NO;
				ENABLE_STRICT_OBJC_MSGSEND = YES;
				GCC_C_LANGUAGE_STANDARD = gnu11;
				GCC_NO_COMMON_BLOCKS = YES;
				GCC_WARN_64_TO_32_BIT_CONVERSION = YES;
				GCC_WARN_ABOUT_RETURN_TYPE = YES_ERROR;
				GCC_WARN_UNDECLARED_SELECTOR = YES;
				GCC_WARN_UNINITIALIZED_AUTOS = YES_AGGRESSIVE;
				GCC_WARN_UNUSED_FUNCTION = YES;
				GCC_WARN_UNUSED_VARIABLE = YES;
				IPHONEOS_DEPLOYMENT_TARGET = 15.2;
				MTL_ENABLE_DEBUG_INFO = NO;
				MTL_FAST_MATH = YES;
				SDKROOT = iphoneos;
				SWIFT_COMPILATION_MODE = wholemodule;
				SWIFT_OPTIMIZATION_LEVEL = "-O";
				VALIDATE_PRODUCT = YES;
			};
			name = Release;
		};
		84781E2127C451DB00F5CBA0 /* Debug */ = {
			isa = XCBuildConfiguration;
			buildSettings = {
				ASSETCATALOG_COMPILER_APPICON_NAME = AppIcon;
				ASSETCATALOG_COMPILER_GLOBAL_ACCENT_COLOR_NAME = AccentColor;
				CODE_SIGN_STYLE = Automatic;
				CURRENT_PROJECT_VERSION = 1;
				GENERATE_INFOPLIST_FILE = YES;
				INFOPLIST_FILE = RepoMVVM/Info.plist;
				INFOPLIST_KEY_UIApplicationSupportsIndirectInputEvents = YES;
				INFOPLIST_KEY_UILaunchStoryboardName = LaunchScreen;
				INFOPLIST_KEY_UIMainStoryboardFile = Main;
				INFOPLIST_KEY_UISupportedInterfaceOrientations_iPad = "UIInterfaceOrientationPortrait UIInterfaceOrientationPortraitUpsideDown UIInterfaceOrientationLandscapeLeft UIInterfaceOrientationLandscapeRight";
				INFOPLIST_KEY_UISupportedInterfaceOrientations_iPhone = "UIInterfaceOrientationPortrait UIInterfaceOrientationLandscapeLeft UIInterfaceOrientationLandscapeRight";
				LD_RUNPATH_SEARCH_PATHS = (
					"$(inherited)",
					"@executable_path/Frameworks",
				);
				MARKETING_VERSION = 1.0;
				PRODUCT_BUNDLE_IDENTIFIER = br.com.App.RepoMVVM;
				PRODUCT_NAME = "$(TARGET_NAME)";
				SWIFT_EMIT_LOC_STRINGS = YES;
				SWIFT_VERSION = 5.0;
				TARGETED_DEVICE_FAMILY = "1,2";
			};
			name = Debug;
		};
		84781E2227C451DB00F5CBA0 /* Release */ = {
			isa = XCBuildConfiguration;
			buildSettings = {
				ASSETCATALOG_COMPILER_APPICON_NAME = AppIcon;
				ASSETCATALOG_COMPILER_GLOBAL_ACCENT_COLOR_NAME = AccentColor;
				CODE_SIGN_STYLE = Automatic;
				CURRENT_PROJECT_VERSION = 1;
				GENERATE_INFOPLIST_FILE = YES;
				INFOPLIST_FILE = RepoMVVM/Info.plist;
				INFOPLIST_KEY_UIApplicationSupportsIndirectInputEvents = YES;
				INFOPLIST_KEY_UILaunchStoryboardName = LaunchScreen;
				INFOPLIST_KEY_UIMainStoryboardFile = Main;
				INFOPLIST_KEY_UISupportedInterfaceOrientations_iPad = "UIInterfaceOrientationPortrait UIInterfaceOrientationPortraitUpsideDown UIInterfaceOrientationLandscapeLeft UIInterfaceOrientationLandscapeRight";
				INFOPLIST_KEY_UISupportedInterfaceOrientations_iPhone = "UIInterfaceOrientationPortrait UIInterfaceOrientationLandscapeLeft UIInterfaceOrientationLandscapeRight";
				LD_RUNPATH_SEARCH_PATHS = (
					"$(inherited)",
					"@executable_path/Frameworks",
				);
				MARKETING_VERSION = 1.0;
				PRODUCT_BUNDLE_IDENTIFIER = br.com.App.RepoMVVM;
				PRODUCT_NAME = "$(TARGET_NAME)";
				SWIFT_EMIT_LOC_STRINGS = YES;
				SWIFT_VERSION = 5.0;
				TARGETED_DEVICE_FAMILY = "1,2";
			};
			name = Release;
		};
		84781E2427C451DB00F5CBA0 /* Debug */ = {
			isa = XCBuildConfiguration;
			buildSettings = {
				ALWAYS_EMBED_SWIFT_STANDARD_LIBRARIES = YES;
				BUNDLE_LOADER = "$(TEST_HOST)";
				CODE_SIGN_STYLE = Automatic;
				CURRENT_PROJECT_VERSION = 1;
				GENERATE_INFOPLIST_FILE = YES;
				IPHONEOS_DEPLOYMENT_TARGET = 15.2;
				MARKETING_VERSION = 1.0;
				PRODUCT_BUNDLE_IDENTIFIER = br.com.App.RepoMVVMTests;
				PRODUCT_NAME = "$(TARGET_NAME)";
				SWIFT_EMIT_LOC_STRINGS = NO;
				SWIFT_VERSION = 5.0;
				TARGETED_DEVICE_FAMILY = "1,2";
				TEST_HOST = "$(BUILT_PRODUCTS_DIR)/RepoMVVM.app/RepoMVVM";
			};
			name = Debug;
		};
		84781E2527C451DB00F5CBA0 /* Release */ = {
			isa = XCBuildConfiguration;
			buildSettings = {
				ALWAYS_EMBED_SWIFT_STANDARD_LIBRARIES = YES;
				BUNDLE_LOADER = "$(TEST_HOST)";
				CODE_SIGN_STYLE = Automatic;
				CURRENT_PROJECT_VERSION = 1;
				GENERATE_INFOPLIST_FILE = YES;
				IPHONEOS_DEPLOYMENT_TARGET = 15.2;
				MARKETING_VERSION = 1.0;
				PRODUCT_BUNDLE_IDENTIFIER = br.com.App.RepoMVVMTests;
				PRODUCT_NAME = "$(TARGET_NAME)";
				SWIFT_EMIT_LOC_STRINGS = NO;
				SWIFT_VERSION = 5.0;
				TARGETED_DEVICE_FAMILY = "1,2";
				TEST_HOST = "$(BUILT_PRODUCTS_DIR)/RepoMVVM.app/RepoMVVM";
			};
			name = Release;
		};
		84781E2727C451DB00F5CBA0 /* Debug */ = {
			isa = XCBuildConfiguration;
			buildSettings = {
				ALWAYS_EMBED_SWIFT_STANDARD_LIBRARIES = YES;
				CODE_SIGN_STYLE = Automatic;
				CURRENT_PROJECT_VERSION = 1;
				GENERATE_INFOPLIST_FILE = YES;
				MARKETING_VERSION = 1.0;
				PRODUCT_BUNDLE_IDENTIFIER = br.com.App.RepoMVVMUITests;
				PRODUCT_NAME = "$(TARGET_NAME)";
				SWIFT_EMIT_LOC_STRINGS = NO;
				SWIFT_VERSION = 5.0;
				TARGETED_DEVICE_FAMILY = "1,2";
				TEST_TARGET_NAME = RepoMVVM;
			};
			name = Debug;
		};
		84781E2827C451DB00F5CBA0 /* Release */ = {
			isa = XCBuildConfiguration;
			buildSettings = {
				ALWAYS_EMBED_SWIFT_STANDARD_LIBRARIES = YES;
				CODE_SIGN_STYLE = Automatic;
				CURRENT_PROJECT_VERSION = 1;
				GENERATE_INFOPLIST_FILE = YES;
				MARKETING_VERSION = 1.0;
				PRODUCT_BUNDLE_IDENTIFIER = br.com.App.RepoMVVMUITests;
				PRODUCT_NAME = "$(TARGET_NAME)";
				SWIFT_EMIT_LOC_STRINGS = NO;
				SWIFT_VERSION = 5.0;
				TARGETED_DEVICE_FAMILY = "1,2";
				TEST_TARGET_NAME = RepoMVVM;
			};
			name = Release;
		};
/* End XCBuildConfiguration section */

/* Begin XCConfigurationList section */
		84781DF127C451D100F5CBA0 /* Build configuration list for PBXProject "RepoMVVM" */ = {
			isa = XCConfigurationList;
			buildConfigurations = (
				84781E1E27C451DB00F5CBA0 /* Debug */,
				84781E1F27C451DB00F5CBA0 /* Release */,
			);
			defaultConfigurationIsVisible = 0;
			defaultConfigurationName = Release;
		};
		84781E2027C451DB00F5CBA0 /* Build configuration list for PBXNativeTarget "RepoMVVM" */ = {
			isa = XCConfigurationList;
			buildConfigurations = (
				84781E2127C451DB00F5CBA0 /* Debug */,
				84781E2227C451DB00F5CBA0 /* Release */,
			);
			defaultConfigurationIsVisible = 0;
			defaultConfigurationName = Release;
		};
		84781E2327C451DB00F5CBA0 /* Build configuration list for PBXNativeTarget "RepoMVVMTests" */ = {
			isa = XCConfigurationList;
			buildConfigurations = (
				84781E2427C451DB00F5CBA0 /* Debug */,
				84781E2527C451DB00F5CBA0 /* Release */,
			);
			defaultConfigurationIsVisible = 0;
			defaultConfigurationName = Release;
		};
		84781E2627C451DB00F5CBA0 /* Build configuration list for PBXNativeTarget "RepoMVVMUITests" */ = {
			isa = XCConfigurationList;
			buildConfigurations = (
				84781E2727C451DB00F5CBA0 /* Debug */,
				84781E2827C451DB00F5CBA0 /* Release */,
			);
			defaultConfigurationIsVisible = 0;
			defaultConfigurationName = Release;
		};
/* End XCConfigurationList section */
	};
	rootObject = 84781DEE27C451D100F5CBA0 /* Project object */;
}
